<?xml version="1.0" encoding="utf-8"?>
<Project ToolsVersion="4.0" xmlns="http://schemas.microsoft.com/developer/msbuild/2003">
  <ItemGroup>
    <Filter Include="源文件">
      <UniqueIdentifier>{4FC737F1-C7A5-4376-A066-2A32D752A2FF}</UniqueIdentifier>
      <Extensions>cpp;c;cc;cxx;def;odl;idl;hpj;bat;asm;asmx</Extensions>
    </Filter>
    <Filter Include="头文件">
      <UniqueIdentifier>{93995380-89BD-4b04-88EB-625FBE52EBFB}</UniqueIdentifier>
      <Extensions>h;hh;hpp;hxx;hm;inl;inc;xsd</Extensions>
    </Filter>
    <Filter Include="资源文件">
      <UniqueIdentifier>{67DA6AB6-F800-4c08-8B7A-83BB121AAD01}</UniqueIdentifier>
      <Extensions>rc;ico;cur;bmp;dlg;rc2;rct;bin;rgs;gif;jpg;jpeg;jpe;resx;tiff;tif;png;wav;mfcribbon-ms</Extensions>
    </Filter>
  </ItemGroup>
  <ItemGroup>
    <Text Include="ReadMe.txt" />
  </ItemGroup>
  <ItemGroup>
    <ClInclude Include="objectRecoStudy.h">
      <Filter>头文件</Filter>
    </ClInclude>
    <ClInclude Include="objectRecoStudyDlg.h">
      <Filter>头文件</Filter>
    </ClInclude>
    <ClInclude Include="stdafx.h">
      <Filter>头文件</Filter>
    </ClInclude>
    <ClInclude Include="targetver.h">
      <Filter>头文件</Filter>
    </ClInclude>
    <ClInclude Include="Resource.h">
      <Filter>头文件</Filter>
    </ClInclude>
    <ClInclude Include="mask_rcnn.h">
      <Filter>头文件</Filter>
    </ClInclude>
    <ClInclude Include="dnn_02_caffe_example_mobilenet.h">
      <Filter>头文件</Filter>
    </ClInclude>
    <ClInclude Include="CaffeModelDialog.h">
      <Filter>头文件</Filter>
    </ClInclude>
    <ClInclude Include="TensorflowModelStudy.h">
      <Filter>头文件</Filter>
    </ClInclude>
    <ClInclude Include="ClassicalStudy.h">
      <Filter>头文件</Filter>
    </ClInclude>
    <ClInclude Include="TorchModelStudy.h">
      <Filter>头文件</Filter>
    </ClInclude>
    <ClInclude Include="ssdModelStudy.h">
      <Filter>头文件</Filter>
    </ClInclude>
  </ItemGroup>
  <ItemGroup>
    <ClCompile Include="objectRecoStudy.cpp">
      <Filter>源文件</Filter>
    </ClCompile>
    <ClCompile Include="objectRecoStudyDlg.cpp">
      <Filter>源文件</Filter>
    </ClCompile>
    <ClCompile Include="stdafx.cpp">
      <Filter>源文件</Filter>
    </ClCompile>
    <ClCompile Include="mask_rcnn.cpp">
      <Filter>源文件</Filter>
    </ClCompile>
    <ClCompile Include="dnn_02_caffe_example_mobilenet.cpp">
      <Filter>源文件</Filter>
    </ClCompile>
    <ClCompile Include="CaffeModelDialog.cpp">
      <Filter>源文件</Filter>
    </ClCompile>
    <ClCompile Include="TensorflowModelStudy.cpp">
      <Filter>源文件</Filter>
    </ClCompile>
    <ClCompile Include="ClassicalStudy.cpp">
      <Filter>源文件</Filter>
    </ClCompile>
    <ClCompile Include="TorchModelStudy.cpp">
      <Filter>源文件</Filter>
    </ClCompile>
    <ClCompile Include="ssdModelStudy.cpp">
      <Filter>源文件</Filter>
    </ClCompile>
  </ItemGroup>
  <ItemGroup>
    <ResourceCompile Include="objectRecoStudy.rc">
      <Filter>资源文件</Filter>
    </ResourceCompile>
  </ItemGroup>
  <ItemGroup>
    <None Include="res\objectRecoStudy.rc2">
      <Filter>资源文件</Filter>
    </None>
  </ItemGroup>
  <ItemGroup>
    <Image Include="res\objectRecoStudy.ico">
      <Filter>资源文件</Filter>
    </Image>
  </ItemGroup>
</Project>